<?xml version="1.0" encoding="utf-8"?>
<Project ToolsVersion="4.0" xmlns="http://schemas.microsoft.com/developer/msbuild/2003">
  <ItemGroup>
    <Filter Include="源文件">
      <UniqueIdentifier>{4FC737F1-C7A5-4376-A066-2A32D752A2FF}</UniqueIdentifier>
      <Extensions>cpp;c;cc;cxx;def;odl;idl;hpj;bat;asm;asmx</Extensions>
    </Filter>
    <Filter Include="头文件">
      <UniqueIdentifier>{93995380-89BD-4b04-88EB-625FBE52EBFB}</UniqueIdentifier>
      <Extensions>h;hh;hpp;hxx;hm;inl;inc;ipp;xsd</Extensions>
    </Filter>
    <Filter Include="资源文件">
      <UniqueIdentifier>{67DA6AB6-F800-4c08-8B7A-83BB121AAD01}</UniqueIdentifier>
      <Extensions>rc;ico;cur;bmp;dlg;rc2;rct;bin;rgs;gif;jpg;jpeg;jpe;resx;tiff;tif;png;wav;mfcribbon-ms</Extensions>
    </Filter>
    <Filter Include="头文件\Inc">
      <UniqueIdentifier>{ba677ae0-d909-4dd6-a77c-78f4e7401ce6}</UniqueIdentifier>
    </Filter>
    <Filter Include="源文件\Src">
      <UniqueIdentifier>{a654b2ed-f041-44d6-8808-ce370aeff4a0}</UniqueIdentifier>
    </Filter>
  </ItemGroup>
  <ItemGroup>
    <ClInclude Include="Inc\CodeGenerationTools.h">
      <Filter>头文件\Inc</Filter>
    </ClInclude>
    <ClInclude Include="Inc\configFileHandle.h">
      <Filter>头文件\Inc</Filter>
    </ClInclude>
    <ClInclude Include="Inc\crc.h">
      <Filter>头文件\Inc</Filter>
    </ClInclude>
    <ClInclude Include="Inc\hexhandle.h">
      <Filter>头文件\Inc</Filter>
    </ClInclude>
    <ClInclude Include="Inc\OtherFunction.h">
      <Filter>头文件\Inc</Filter>
    </ClInclude>
    <ClInclude Include="Inc\transform.h">
      <Filter>头文件\Inc</Filter>
    </ClInclude>
    <ClInclude Include="Inc\hexhandleV2.h">
      <Filter>头文件</Filter>
    </ClInclude>
  </ItemGroup>
  <ItemGroup>
    <ClCompile Include="Src\configFileHandle.cpp">
      <Filter>源文件\Src</Filter>
    </ClCompile>
    <ClCompile Include="Src\crc.cpp">
      <Filter>源文件\Src</Filter>
    </ClCompile>
    <ClCompile Include="Src\hexhandle.cpp">
      <Filter>源文件\Src</Filter>
    </ClCompile>
    <ClCompile Include="Src\Main.cpp">
      <Filter>源文件\Src</Filter>
    </ClCompile>
    <ClCompile Include="Src\OtherFunction.cpp">
      <Filter>源文件\Src</Filter>
    </ClCompile>
    <ClCompile Include="Src\transform.cpp">
      <Filter>源文件\Src</Filter>
    </ClCompile>
    <ClCompile Include="Src\hexhandleV2.cpp">
      <Filter>源文件</Filter>
    </ClCompile>
  </ItemGroup>
  <ItemGroup>
    <None Include="libxl\bin\libxl.dll" />
  </ItemGroup>
</Project>